
Microsoft Visual Studio Solution File, Format Version 12.00
# Visual Studio Version 16
VisualStudioVersion = 16.0.31410.357
MinimumVisualStudioVersion = 10.0.40219.1
Project("{FAE04EC0-301F-11D3-BF4B-00C04F79EFBC}") = "Intel 8086 Paweł Kęska", "Intel 8086 Paweł Kęska\Intel 8086 Paweł Kęska.csproj", "{F5AF860C-BE4D-47CE-B19E-73CED993A28D}"
EndProject
Global
	GlobalSection(SolutionConfigurationPlatforms) = preSolution
		Debug|Any CPU = Debug|Any CPU
		Release|Any CPU = Release|Any CPU
	EndGlobalSection
	GlobalSection(ProjectConfigurationPlatforms) = postSolution
		{F5AF860C-BE4D-47CE-B19E-73CED993A28D}.Debug|Any CPU.ActiveCfg = Debug|Any CPU
		{F5AF860C-BE4D-47CE-B19E-73CED993A28D}.Debug|Any CPU.Build.0 = Debug|Any CPU
		{F5AF860C-BE4D-47CE-B19E-73CED993A28D}.Release|Any CPU.ActiveCfg = Release|Any CPU
		{F5AF860C-BE4D-47CE-B19E-73CED993A28D}.Release|Any CPU.Build.0 = Release|Any CPU
	EndGlobalSection
	GlobalSection(SolutionProperties) = preSolution
		HideSolutionNode = FALSE
	EndGlobalSection
	GlobalSection(ExtensibilityGlobals) = postSolution
		SolutionGuid = {5F25F66A-7064-4017-A266-41A0E7E4136D}
	EndGlobalSection
EndGlobal
